
Microsoft Visual Studio Solution File, Format Version 12.00
Project("{FAE04EC0-301F-11D3-BF4B-00C04F79EFBC}") = "Blazor.Server", "Blazor.Server\Blazor.Server.csproj", "{588C1040-EE1F-4481-9D26-F9888EFC5499}"
EndProject
Global
	GlobalSection(SolutionConfigurationPlatforms) = preSolution
		Debug|Any CPU = Debug|Any CPU
		Release|Any CPU = Release|Any CPU
	EndGlobalSection
	GlobalSection(ProjectConfigurationPlatforms) = postSolution
		{588C1040-EE1F-4481-9D26-F9888EFC5499}.Debug|Any CPU.ActiveCfg = Debug|Any CPU
		{588C1040-EE1F-4481-9D26-F9888EFC5499}.Debug|Any CPU.Build.0 = Debug|Any CPU
		{588C1040-EE1F-4481-9D26-F9888EFC5499}.Release|Any CPU.ActiveCfg = Release|Any CPU
		{588C1040-EE1F-4481-9D26-F9888EFC5499}.Release|Any CPU.Build.0 = Release|Any CPU
	EndGlobalSection
EndGlobal
